
Microsoft Visual Studio Solution File, Format Version 12.00
# Visual Studio Version 17
VisualStudioVersion = 17.8.34330.188
MinimumVisualStudioVersion = 10.0.40219.1
Project("{FAE04EC0-301F-11D3-BF4B-00C04F79EFBC}") = "atv13", "atv13\atv13.csproj", "{66C58E24-ABD0-4216-801D-06505B793B44}"
EndProject
Project("{9A19103F-16F7-4668-BE54-9A1E7A4F7556}") = "09-DoWhile", "..\..\introducaoC#\09-DoWhile\09-DoWhile\09-DoWhile.csproj", "{D6E6EAAC-8CC2-4EF7-8593-79A08D2F0AC7}"
EndProject
Global
	GlobalSection(SolutionConfigurationPlatforms) = preSolution
		Debug|Any CPU = Debug|Any CPU
		Release|Any CPU = Release|Any CPU
	EndGlobalSection
	GlobalSection(ProjectConfigurationPlatforms) = postSolution
		{66C58E24-ABD0-4216-801D-06505B793B44}.Debug|Any CPU.ActiveCfg = Debug|Any CPU
		{66C58E24-ABD0-4216-801D-06505B793B44}.Debug|Any CPU.Build.0 = Debug|Any CPU
		{66C58E24-ABD0-4216-801D-06505B793B44}.Release|Any CPU.ActiveCfg = Release|Any CPU
		{66C58E24-ABD0-4216-801D-06505B793B44}.Release|Any CPU.Build.0 = Release|Any CPU
		{D6E6EAAC-8CC2-4EF7-8593-79A08D2F0AC7}.Debug|Any CPU.ActiveCfg = Debug|Any CPU
		{D6E6EAAC-8CC2-4EF7-8593-79A08D2F0AC7}.Debug|Any CPU.Build.0 = Debug|Any CPU
		{D6E6EAAC-8CC2-4EF7-8593-79A08D2F0AC7}.Release|Any CPU.ActiveCfg = Release|Any CPU
		{D6E6EAAC-8CC2-4EF7-8593-79A08D2F0AC7}.Release|Any CPU.Build.0 = Release|Any CPU
	EndGlobalSection
	GlobalSection(SolutionProperties) = preSolution
		HideSolutionNode = FALSE
	EndGlobalSection
	GlobalSection(ExtensibilityGlobals) = postSolution
		SolutionGuid = {FBD38E88-20F9-4528-9C90-D58519801F16}
	EndGlobalSection
EndGlobal
