
Microsoft Visual Studio Solution File, Format Version 12.00
# Visual Studio Version 17
VisualStudioVersion = 17.8.34330.188
MinimumVisualStudioVersion = 10.0.40219.1
Project("{FAE04EC0-301F-11D3-BF4B-00C04F79EFBC}") = "atv14", "atv14\atv14.csproj", "{5FE0F862-01D8-4B57-9FC4-AA01BE14B177}"
EndProject
Global
	GlobalSection(SolutionConfigurationPlatforms) = preSolution
		Debug|Any CPU = Debug|Any CPU
		Release|Any CPU = Release|Any CPU
	EndGlobalSection
	GlobalSection(ProjectConfigurationPlatforms) = postSolution
		{5FE0F862-01D8-4B57-9FC4-AA01BE14B177}.Debug|Any CPU.ActiveCfg = Debug|Any CPU
		{5FE0F862-01D8-4B57-9FC4-AA01BE14B177}.Debug|Any CPU.Build.0 = Debug|Any CPU
		{5FE0F862-01D8-4B57-9FC4-AA01BE14B177}.Release|Any CPU.ActiveCfg = Release|Any CPU
		{5FE0F862-01D8-4B57-9FC4-AA01BE14B177}.Release|Any CPU.Build.0 = Release|Any CPU
	EndGlobalSection
	GlobalSection(SolutionProperties) = preSolution
		HideSolutionNode = FALSE
	EndGlobalSection
	GlobalSection(ExtensibilityGlobals) = postSolution
		SolutionGuid = {544C1B65-9AD7-46F2-8D7A-A8CC4644BAA1}
	EndGlobalSection
EndGlobal
