
Microsoft Visual Studio Solution File, Format Version 12.00
# Visual Studio Version 17
VisualStudioVersion = 17.8.34330.188
MinimumVisualStudioVersion = 10.0.40219.1
Project("{FAE04EC0-301F-11D3-BF4B-00C04F79EFBC}") = "atv12", "atv12\atv12.csproj", "{1AB8F9A7-E64A-4E2A-A3E3-932E9EAFD26E}"
EndProject
Project("{9A19103F-16F7-4668-BE54-9A1E7A4F7556}") = "10-IfElse", "..\..\introducaoC#\10-IfElse\10-IfElse\10-IfElse.csproj", "{1941857F-BC5F-4ABB-BEF1-DD1E152CEC17}"
EndProject
Global
	GlobalSection(SolutionConfigurationPlatforms) = preSolution
		Debug|Any CPU = Debug|Any CPU
		Release|Any CPU = Release|Any CPU
	EndGlobalSection
	GlobalSection(ProjectConfigurationPlatforms) = postSolution
		{1AB8F9A7-E64A-4E2A-A3E3-932E9EAFD26E}.Debug|Any CPU.ActiveCfg = Debug|Any CPU
		{1AB8F9A7-E64A-4E2A-A3E3-932E9EAFD26E}.Debug|Any CPU.Build.0 = Debug|Any CPU
		{1AB8F9A7-E64A-4E2A-A3E3-932E9EAFD26E}.Release|Any CPU.ActiveCfg = Release|Any CPU
		{1AB8F9A7-E64A-4E2A-A3E3-932E9EAFD26E}.Release|Any CPU.Build.0 = Release|Any CPU
		{1941857F-BC5F-4ABB-BEF1-DD1E152CEC17}.Debug|Any CPU.ActiveCfg = Debug|Any CPU
		{1941857F-BC5F-4ABB-BEF1-DD1E152CEC17}.Debug|Any CPU.Build.0 = Debug|Any CPU
		{1941857F-BC5F-4ABB-BEF1-DD1E152CEC17}.Release|Any CPU.ActiveCfg = Release|Any CPU
		{1941857F-BC5F-4ABB-BEF1-DD1E152CEC17}.Release|Any CPU.Build.0 = Release|Any CPU
	EndGlobalSection
	GlobalSection(SolutionProperties) = preSolution
		HideSolutionNode = FALSE
	EndGlobalSection
	GlobalSection(ExtensibilityGlobals) = postSolution
		SolutionGuid = {BA498B9D-3D5A-49AB-9C71-B68D84F9554D}
	EndGlobalSection
EndGlobal
